
Microsoft Visual Studio Solution File, Format Version 12.00
# Visual Studio Version 17
VisualStudioVersion = 17.7.34202.233
MinimumVisualStudioVersion = 10.0.40219.1
Project("{FAE04EC0-301F-11D3-BF4B-00C04F79EFBC}") = "ApiRestBilling", "ApiRestBilling\ApiRestBilling.csproj", "{FBB88EB5-59C5-4309-BA09-A083A9F70C12}"
EndProject
Global
	GlobalSection(SolutionConfigurationPlatforms) = preSolution
		Debug|Any CPU = Debug|Any CPU
		Release|Any CPU = Release|Any CPU
	EndGlobalSection
	GlobalSection(ProjectConfigurationPlatforms) = postSolution
		{FBB88EB5-59C5-4309-BA09-A083A9F70C12}.Debug|Any CPU.ActiveCfg = Debug|Any CPU
		{FBB88EB5-59C5-4309-BA09-A083A9F70C12}.Debug|Any CPU.Build.0 = Debug|Any CPU
		{FBB88EB5-59C5-4309-BA09-A083A9F70C12}.Release|Any CPU.ActiveCfg = Release|Any CPU
		{FBB88EB5-59C5-4309-BA09-A083A9F70C12}.Release|Any CPU.Build.0 = Release|Any CPU
	EndGlobalSection
	GlobalSection(SolutionProperties) = preSolution
		HideSolutionNode = FALSE
	EndGlobalSection
	GlobalSection(ExtensibilityGlobals) = postSolution
		SolutionGuid = {82A7CC88-B686-4AAD-8C44-7048DF7DE1EF}
	EndGlobalSection
EndGlobal
